// !$*UTF8*$!
{
	archiveVersion = 1;
	classes = {
	};
	objectVersion = 55;
	objects = {

/* Begin PBXBuildFile section */
		1D82D38E8790E2A59C5DBD17 /* Pods_Flix_FlixUITests.framework in Frameworks */ = {isa = PBXBuildFile; fileRef = 1397F15CE16DE466783C2382 /* Pods_Flix_FlixUITests.framework */; };
		533ED7D268FCBCB9C72D1FA3 /* Pods_Flix.framework in Frameworks */ = {isa = PBXBuildFile; fileRef = FDB44D03D0504E9FCE92E74A /* Pods_Flix.framework */; };
		90A5CE8ECFE09D512480D39F /* Pods_FlixTests.framework in Frameworks */ = {isa = PBXBuildFile; fileRef = 1E1BF2837BD312E90D7714D8 /* Pods_FlixTests.framework */; };
		E6236A582748656100D8CD02 /* AppDelegate.swift in Sources */ = {isa = PBXBuildFile; fileRef = E6236A572748656100D8CD02 /* AppDelegate.swift */; };
		E6236A5A2748656100D8CD02 /* SceneDelegate.swift in Sources */ = {isa = PBXBuildFile; fileRef = E6236A592748656100D8CD02 /* SceneDelegate.swift */; };
		E6236A5F2748656100D8CD02 /* Main.storyboard in Resources */ = {isa = PBXBuildFile; fileRef = E6236A5D2748656100D8CD02 /* Main.storyboard */; };
		E6236A612748656200D8CD02 /* Assets.xcassets in Resources */ = {isa = PBXBuildFile; fileRef = E6236A602748656200D8CD02 /* Assets.xcassets */; };
		E6236A642748656200D8CD02 /* LaunchScreen.storyboard in Resources */ = {isa = PBXBuildFile; fileRef = E6236A622748656200D8CD02 /* LaunchScreen.storyboard */; };
		E6236A6F2748656200D8CD02 /* FlixTests.swift in Sources */ = {isa = PBXBuildFile; fileRef = E6236A6E2748656200D8CD02 /* FlixTests.swift */; };
		E6236A792748656200D8CD02 /* FlixUITests.swift in Sources */ = {isa = PBXBuildFile; fileRef = E6236A782748656200D8CD02 /* FlixUITests.swift */; };
		E6236A7B2748656200D8CD02 /* FlixUITestsLaunchTests.swift in Sources */ = {isa = PBXBuildFile; fileRef = E6236A7A2748656200D8CD02 /* FlixUITestsLaunchTests.swift */; };
		E6236A882748A49100D8CD02 /* MoviesViewController.swift in Sources */ = {isa = PBXBuildFile; fileRef = E6236A872748A49100D8CD02 /* MoviesViewController.swift */; };
		E6236A8A2748D27500D8CD02 /* MovieCell.swift in Sources */ = {isa = PBXBuildFile; fileRef = E6236A892748D27500D8CD02 /* MovieCell.swift */; };
		E6236A8D274979A400D8CD02 /* AlamofireImage in Frameworks */ = {isa = PBXBuildFile; productRef = E6236A8C274979A400D8CD02 /* AlamofireImage */; };
		E69EA944275AE665006158C4 /* MovieDetailsViewController.swift in Sources */ = {isa = PBXBuildFile; fileRef = E69EA943275AE665006158C4 /* MovieDetailsViewController.swift */; };
		E69EA946275B381A006158C4 /* MovieGridViewController.swift in Sources */ = {isa = PBXBuildFile; fileRef = E69EA945275B381A006158C4 /* MovieGridViewController.swift */; };
		E69EA948275B4A23006158C4 /* MovieGridCell.swift in Sources */ = {isa = PBXBuildFile; fileRef = E69EA947275B4A23006158C4 /* MovieGridCell.swift */; };
/* End PBXBuildFile section */

/* Begin PBXContainerItemProxy section */
		E6236A6B2748656200D8CD02 /* PBXContainerItemProxy */ = {
			isa = PBXContainerItemProxy;
			containerPortal = E6236A4C2748656100D8CD02 /* Project object */;
			proxyType = 1;
			remoteGlobalIDString = E6236A532748656100D8CD02;
			remoteInfo = Flix;
		};
		E6236A752748656200D8CD02 /* PBXContainerItemProxy */ = {
			isa = PBXContainerItemProxy;
			containerPortal = E6236A4C2748656100D8CD02 /* Project object */;
			proxyType = 1;
			remoteGlobalIDString = E6236A532748656100D8CD02;
			remoteInfo = Flix;
		};
/* End PBXContainerItemProxy section */

/* Begin PBXFileReference section */
		1397F15CE16DE466783C2382 /* Pods_Flix_FlixUITests.framework */ = {isa = PBXFileReference; explicitFileType = wrapper.framework; includeInIndex = 0; path = Pods_Flix_FlixUITests.framework; sourceTree = BUILT_PRODUCTS_DIR; };
		1AF7353E3B2BC044CAEC03BF /* Pods-FlixTests.debug.xcconfig */ = {isa = PBXFileReference; includeInIndex = 1; lastKnownFileType = text.xcconfig; name = "Pods-FlixTests.debug.xcconfig"; path = "Target Support Files/Pods-FlixTests/Pods-FlixTests.debug.xcconfig"; sourceTree = "<group>"; };
		1E1BF2837BD312E90D7714D8 /* Pods_FlixTests.framework */ = {isa = PBXFileReference; explicitFileType = wrapper.framework; includeInIndex = 0; path = Pods_FlixTests.framework; sourceTree = BUILT_PRODUCTS_DIR; };
		2710210C4F6C1D454C043E2B /* Pods-Flix.release.xcconfig */ = {isa = PBXFileReference; includeInIndex = 1; lastKnownFileType = text.xcconfig; name = "Pods-Flix.release.xcconfig"; path = "Target Support Files/Pods-Flix/Pods-Flix.release.xcconfig"; sourceTree = "<group>"; };
		2B4E756B2B6D66333F8580F1 /* Pods-Flix-FlixUITests.debug.xcconfig */ = {isa = PBXFileReference; includeInIndex = 1; lastKnownFileType = text.xcconfig; name = "Pods-Flix-FlixUITests.debug.xcconfig"; path = "Target Support Files/Pods-Flix-FlixUITests/Pods-Flix-FlixUITests.debug.xcconfig"; sourceTree = "<group>"; };
		569EB62F8C8775BD71EB3BA6 /* Pods-Flix-FlixUITests.release.xcconfig */ = {isa = PBXFileReference; includeInIndex = 1; lastKnownFileType = text.xcconfig; name = "Pods-Flix-FlixUITests.release.xcconfig"; path = "Target Support Files/Pods-Flix-FlixUITests/Pods-Flix-FlixUITests.release.xcconfig"; sourceTree = "<group>"; };
		A2C24E4255710FD259CCC3A1 /* Pods-Flix.debug.xcconfig */ = {isa = PBXFileReference; includeInIndex = 1; lastKnownFileType = text.xcconfig; name = "Pods-Flix.debug.xcconfig"; path = "Target Support Files/Pods-Flix/Pods-Flix.debug.xcconfig"; sourceTree = "<group>"; };
		BA9C1A13FD10504B6FB35C44 /* Pods-FlixTests.release.xcconfig */ = {isa = PBXFileReference; includeInIndex = 1; lastKnownFileType = text.xcconfig; name = "Pods-FlixTests.release.xcconfig"; path = "Target Support Files/Pods-FlixTests/Pods-FlixTests.release.xcconfig"; sourceTree = "<group>"; };
		E6236A542748656100D8CD02 /* Flix.app */ = {isa = PBXFileReference; explicitFileType = wrapper.application; includeInIndex = 0; path = Flix.app; sourceTree = BUILT_PRODUCTS_DIR; };
		E6236A572748656100D8CD02 /* AppDelegate.swift */ = {isa = PBXFileReference; lastKnownFileType = sourcecode.swift; path = AppDelegate.swift; sourceTree = "<group>"; };
		E6236A592748656100D8CD02 /* SceneDelegate.swift */ = {isa = PBXFileReference; lastKnownFileType = sourcecode.swift; path = SceneDelegate.swift; sourceTree = "<group>"; };
		E6236A5E2748656100D8CD02 /* Base */ = {isa = PBXFileReference; lastKnownFileType = file.storyboard; name = Base; path = Base.lproj/Main.storyboard; sourceTree = "<group>"; };
		E6236A602748656200D8CD02 /* Assets.xcassets */ = {isa = PBXFileReference; lastKnownFileType = folder.assetcatalog; path = Assets.xcassets; sourceTree = "<group>"; };
		E6236A632748656200D8CD02 /* Base */ = {isa = PBXFileReference; lastKnownFileType = file.storyboard; name = Base; path = Base.lproj/LaunchScreen.storyboard; sourceTree = "<group>"; };
		E6236A652748656200D8CD02 /* Info.plist */ = {isa = PBXFileReference; lastKnownFileType = text.plist.xml; path = Info.plist; sourceTree = "<group>"; };
		E6236A6A2748656200D8CD02 /* FlixTests.xctest */ = {isa = PBXFileReference; explicitFileType = wrapper.cfbundle; includeInIndex = 0; path = FlixTests.xctest; sourceTree = BUILT_PRODUCTS_DIR; };
		E6236A6E2748656200D8CD02 /* FlixTests.swift */ = {isa = PBXFileReference; lastKnownFileType = sourcecode.swift; path = FlixTests.swift; sourceTree = "<group>"; };
		E6236A742748656200D8CD02 /* FlixUITests.xctest */ = {isa = PBXFileReference; explicitFileType = wrapper.cfbundle; includeInIndex = 0; path = FlixUITests.xctest; sourceTree = BUILT_PRODUCTS_DIR; };
		E6236A782748656200D8CD02 /* FlixUITests.swift */ = {isa = PBXFileReference; lastKnownFileType = sourcecode.swift; path = FlixUITests.swift; sourceTree = "<group>"; };
		E6236A7A2748656200D8CD02 /* FlixUITestsLaunchTests.swift */ = {isa = PBXFileReference; lastKnownFileType = sourcecode.swift; path = FlixUITestsLaunchTests.swift; sourceTree = "<group>"; };
		E6236A872748A49100D8CD02 /* MoviesViewController.swift */ = {isa = PBXFileReference; lastKnownFileType = sourcecode.swift; path = MoviesViewController.swift; sourceTree = "<group>"; };
		E6236A892748D27500D8CD02 /* MovieCell.swift */ = {isa = PBXFileReference; lastKnownFileType = sourcecode.swift; path = MovieCell.swift; sourceTree = "<group>"; };
		E69EA943275AE665006158C4 /* MovieDetailsViewController.swift */ = {isa = PBXFileReference; lastKnownFileType = sourcecode.swift; path = MovieDetailsViewController.swift; sourceTree = "<group>"; };
		E69EA945275B381A006158C4 /* MovieGridViewController.swift */ = {isa = PBXFileReference; lastKnownFileType = sourcecode.swift; path = MovieGridViewController.swift; sourceTree = "<group>"; };
		E69EA947275B4A23006158C4 /* MovieGridCell.swift */ = {isa = PBXFileReference; lastKnownFileType = sourcecode.swift; path = MovieGridCell.swift; sourceTree = "<group>"; };
		FDB44D03D0504E9FCE92E74A /* Pods_Flix.framework */ = {isa = PBXFileReference; explicitFileType = wrapper.framework; includeInIndex = 0; path = Pods_Flix.framework; sourceTree = BUILT_PRODUCTS_DIR; };
/* End PBXFileReference section */

/* Begin PBXFrameworksBuildPhase section */
		E6236A512748656100D8CD02 /* Frameworks */ = {
			isa = PBXFrameworksBuildPhase;
			buildActionMask = 2147483647;
			files = (
				E6236A8D274979A400D8CD02 /* AlamofireImage in Frameworks */,
				533ED7D268FCBCB9C72D1FA3 /* Pods_Flix.framework in Frameworks */,
			);
			runOnlyForDeploymentPostprocessing = 0;
		};
		E6236A672748656200D8CD02 /* Frameworks */ = {
			isa = PBXFrameworksBuildPhase;
			buildActionMask = 2147483647;
			files = (
				90A5CE8ECFE09D512480D39F /* Pods_FlixTests.framework in Frameworks */,
			);
			runOnlyForDeploymentPostprocessing = 0;
		};
		E6236A712748656200D8CD02 /* Frameworks */ = {
			isa = PBXFrameworksBuildPhase;
			buildActionMask = 2147483647;
			files = (
				1D82D38E8790E2A59C5DBD17 /* Pods_Flix_FlixUITests.framework in Frameworks */,
			);
			runOnlyForDeploymentPostprocessing = 0;
		};
/* End PBXFrameworksBuildPhase section */

/* Begin PBXGroup section */
		4EC0710E2B0473951CF57E48 /* Pods */ = {
			isa = PBXGroup;
			children = (
				A2C24E4255710FD259CCC3A1 /* Pods-Flix.debug.xcconfig */,
				2710210C4F6C1D454C043E2B /* Pods-Flix.release.xcconfig */,
				2B4E756B2B6D66333F8580F1 /* Pods-Flix-FlixUITests.debug.xcconfig */,
				569EB62F8C8775BD71EB3BA6 /* Pods-Flix-FlixUITests.release.xcconfig */,
				1AF7353E3B2BC044CAEC03BF /* Pods-FlixTests.debug.xcconfig */,
				BA9C1A13FD10504B6FB35C44 /* Pods-FlixTests.release.xcconfig */,
			);
			path = Pods;
			sourceTree = "<group>";
		};
		A5C4123250E76CBE02ED239E /* Frameworks */ = {
			isa = PBXGroup;
			children = (
				FDB44D03D0504E9FCE92E74A /* Pods_Flix.framework */,
				1397F15CE16DE466783C2382 /* Pods_Flix_FlixUITests.framework */,
				1E1BF2837BD312E90D7714D8 /* Pods_FlixTests.framework */,
			);
			name = Frameworks;
			sourceTree = "<group>";
		};
		E6236A4B2748656100D8CD02 = {
			isa = PBXGroup;
			children = (
				E6236A562748656100D8CD02 /* Flix */,
				E6236A6D2748656200D8CD02 /* FlixTests */,
				E6236A772748656200D8CD02 /* FlixUITests */,
				E6236A552748656100D8CD02 /* Products */,
				4EC0710E2B0473951CF57E48 /* Pods */,
				A5C4123250E76CBE02ED239E /* Frameworks */,
			);
			sourceTree = "<group>";
		};
		E6236A552748656100D8CD02 /* Products */ = {
			isa = PBXGroup;
			children = (
				E6236A542748656100D8CD02 /* Flix.app */,
				E6236A6A2748656200D8CD02 /* FlixTests.xctest */,
				E6236A742748656200D8CD02 /* FlixUITests.xctest */,
			);
			name = Products;
			sourceTree = "<group>";
		};
		E6236A562748656100D8CD02 /* Flix */ = {
			isa = PBXGroup;
			children = (
				E6236A572748656100D8CD02 /* AppDelegate.swift */,
				E6236A592748656100D8CD02 /* SceneDelegate.swift */,
				E6236A5D2748656100D8CD02 /* Main.storyboard */,
				E6236A602748656200D8CD02 /* Assets.xcassets */,
				E6236A622748656200D8CD02 /* LaunchScreen.storyboard */,
				E6236A652748656200D8CD02 /* Info.plist */,
				E6236A872748A49100D8CD02 /* MoviesViewController.swift */,
				E6236A892748D27500D8CD02 /* MovieCell.swift */,
				E69EA943275AE665006158C4 /* MovieDetailsViewController.swift */,
				E69EA945275B381A006158C4 /* MovieGridViewController.swift */,
				E69EA947275B4A23006158C4 /* MovieGridCell.swift */,
			);
			path = Flix;
			sourceTree = "<group>";
		};
		E6236A6D2748656200D8CD02 /* FlixTests */ = {
			isa = PBXGroup;
			children = (
				E6236A6E2748656200D8CD02 /* FlixTests.swift */,
			);
			path = FlixTests;
			sourceTree = "<group>";
		};
		E6236A772748656200D8CD02 /* FlixUITests */ = {
			isa = PBXGroup;
			children = (
				E6236A782748656200D8CD02 /* FlixUITests.swift */,
				E6236A7A2748656200D8CD02 /* FlixUITestsLaunchTests.swift */,
			);
			path = FlixUITests;
			sourceTree = "<group>";
		};
/* End PBXGroup section */

/* Begin PBXNativeTarget section */
		E6236A532748656100D8CD02 /* Flix */ = {
			isa = PBXNativeTarget;
			buildConfigurationList = E6236A7E2748656200D8CD02 /* Build configuration list for PBXNativeTarget "Flix" */;
			buildPhases = (
				10A0B07ADE646D0639522DE5 /* [CP] Check Pods Manifest.lock */,
				E6236A502748656100D8CD02 /* Sources */,
				E6236A512748656100D8CD02 /* Frameworks */,
				E6236A522748656100D8CD02 /* Resources */,
				1E416A3C0F24D74DB02444BA /* [CP] Embed Pods Frameworks */,
			);
			buildRules = (
			);
			dependencies = (
			);
			name = Flix;
			packageProductDependencies = (
				E6236A8C274979A400D8CD02 /* AlamofireImage */,
			);
			productName = Flix;
			productReference = E6236A542748656100D8CD02 /* Flix.app */;
			productType = "com.apple.product-type.application";
		};
		E6236A692748656200D8CD02 /* FlixTests */ = {
			isa = PBXNativeTarget;
			buildConfigurationList = E6236A812748656200D8CD02 /* Build configuration list for PBXNativeTarget "FlixTests" */;
			buildPhases = (
				E225370BEE55642C36663934 /* [CP] Check Pods Manifest.lock */,
				E6236A662748656200D8CD02 /* Sources */,
				E6236A672748656200D8CD02 /* Frameworks */,
				E6236A682748656200D8CD02 /* Resources */,
			);
			buildRules = (
			);
			dependencies = (
				E6236A6C2748656200D8CD02 /* PBXTargetDependency */,
			);
			name = FlixTests;
			productName = FlixTests;
			productReference = E6236A6A2748656200D8CD02 /* FlixTests.xctest */;
			productType = "com.apple.product-type.bundle.unit-test";
		};
		E6236A732748656200D8CD02 /* FlixUITests */ = {
			isa = PBXNativeTarget;
			buildConfigurationList = E6236A842748656200D8CD02 /* Build configuration list for PBXNativeTarget "FlixUITests" */;
			buildPhases = (
				A4BDF2913CD67438FC7AD585 /* [CP] Check Pods Manifest.lock */,
				E6236A702748656200D8CD02 /* Sources */,
				E6236A712748656200D8CD02 /* Frameworks */,
				E6236A722748656200D8CD02 /* Resources */,
				DCFCA167D0DD4030C4B446F2 /* [CP] Embed Pods Frameworks */,
			);
			buildRules = (
			);
			dependencies = (
				E6236A762748656200D8CD02 /* PBXTargetDependency */,
			);
			name = FlixUITests;
			productName = FlixUITests;
			productReference = E6236A742748656200D8CD02 /* FlixUITests.xctest */;
			productType = "com.apple.product-type.bundle.ui-testing";
		};
/* End PBXNativeTarget section */

/* Begin PBXProject section */
		E6236A4C2748656100D8CD02 /* Project object */ = {
			isa = PBXProject;
			attributes = {
				BuildIndependentTargetsInParallel = 1;
				LastSwiftUpdateCheck = 1300;
				LastUpgradeCheck = 1300;
				TargetAttributes = {
					E6236A532748656100D8CD02 = {
						CreatedOnToolsVersion = 13.0;
					};
					E6236A692748656200D8CD02 = {
						CreatedOnToolsVersion = 13.0;
						TestTargetID = E6236A532748656100D8CD02;
					};
					E6236A732748656200D8CD02 = {
						CreatedOnToolsVersion = 13.0;
						TestTargetID = E6236A532748656100D8CD02;
					};
				};
			};
			buildConfigurationList = E6236A4F2748656100D8CD02 /* Build configuration list for PBXProject "Flix" */;
			compatibilityVersion = "Xcode 13.0";
			developmentRegion = en;
			hasScannedForEncodings = 0;
			knownRegions = (
				en,
				Base,
			);
			mainGroup = E6236A4B2748656100D8CD02;
			packageReferences = (
				E6236A8B274979A400D8CD02 /* XCRemoteSwiftPackageReference "AlamofireImage" */,
			);
			productRefGroup = E6236A552748656100D8CD02 /* Products */;
			projectDirPath = "";
			projectRoot = "";
			targets = (
				E6236A532748656100D8CD02 /* Flix */,
				E6236A692748656200D8CD02 /* FlixTests */,
				E6236A732748656200D8CD02 /* FlixUITests */,
			);
		};
/* End PBXProject section */

/* Begin PBXResourcesBuildPhase section */
		E6236A522748656100D8CD02 /* Resources */ = {
			isa = PBXResourcesBuildPhase;
			buildActionMask = 2147483647;
			files = (
				E6236A642748656200D8CD02 /* LaunchScreen.storyboard in Resources */,
				E6236A612748656200D8CD02 /* Assets.xcassets in Resources */,
				E6236A5F2748656100D8CD02 /* Main.storyboard in Resources */,
			);
			runOnlyForDeploymentPostprocessing = 0;
		};
		E6236A682748656200D8CD02 /* Resources */ = {
			isa = PBXResourcesBuildPhase;
			buildActionMask = 2147483647;
			files = (
			);
			runOnlyForDeploymentPostprocessing = 0;
		};
		E6236A722748656200D8CD02 /* Resources */ = {
			isa = PBXResourcesBuildPhase;
			buildActionMask = 2147483647;
			files = (
			);
			runOnlyForDeploymentPostprocessing = 0;
		};
/* End PBXResourcesBuildPhase section */

/* Begin PBXShellScriptBuildPhase section */
		10A0B07ADE646D0639522DE5 /* [CP] Check Pods Manifest.lock */ = {
			isa = PBXShellScriptBuildPhase;
			buildActionMask = 2147483647;
			files = (
			);
			inputFileListPaths = (
			);
			inputPaths = (
				"${PODS_PODFILE_DIR_PATH}/Podfile.lock",
				"${PODS_ROOT}/Manifest.lock",
			);
			name = "[CP] Check Pods Manifest.lock";
			outputFileListPaths = (
			);
			outputPaths = (
				"$(DERIVED_FILE_DIR)/Pods-Flix-checkManifestLockResult.txt",
			);
			runOnlyForDeploymentPostprocessing = 0;
			shellPath = /bin/sh;
			shellScript = "diff \"${PODS_PODFILE_DIR_PATH}/Podfile.lock\" \"${PODS_ROOT}/Manifest.lock\" > /dev/null\nif [ $? != 0 ] ; then\n    # print error to STDERR\n    echo \"error: The sandbox is not in sync with the Podfile.lock. Run 'pod install' or update your CocoaPods installation.\" >&2\n    exit 1\nfi\n# This output is used by Xcode 'outputs' to avoid re-running this script phase.\necho \"SUCCESS\" > \"${SCRIPT_OUTPUT_FILE_0}\"\n";
			showEnvVarsInLog = 0;
		};
		1E416A3C0F24D74DB02444BA /* [CP] Embed Pods Frameworks */ = {
			isa = PBXShellScriptBuildPhase;
			buildActionMask = 2147483647;
			files = (
			);
			inputFileListPaths = (
				"${PODS_ROOT}/Target Support Files/Pods-Flix/Pods-Flix-frameworks-${CONFIGURATION}-input-files.xcfilelist",
			);
			name = "[CP] Embed Pods Frameworks";
			outputFileListPaths = (
				"${PODS_ROOT}/Target Support Files/Pods-Flix/Pods-Flix-frameworks-${CONFIGURATION}-output-files.xcfilelist",
			);
			runOnlyForDeploymentPostprocessing = 0;
			shellPath = /bin/sh;
			shellScript = "\"${PODS_ROOT}/Target Support Files/Pods-Flix/Pods-Flix-frameworks.sh\"\n";
			showEnvVarsInLog = 0;
		};
		A4BDF2913CD67438FC7AD585 /* [CP] Check Pods Manifest.lock */ = {
			isa = PBXShellScriptBuildPhase;
			buildActionMask = 2147483647;
			files = (
			);
			inputFileListPaths = (
			);
			inputPaths = (
				"${PODS_PODFILE_DIR_PATH}/Podfile.lock",
				"${PODS_ROOT}/Manifest.lock",
			);
			name = "[CP] Check Pods Manifest.lock";
			outputFileListPaths = (
			);
			outputPaths = (
				"$(DERIVED_FILE_DIR)/Pods-Flix-FlixUITests-checkManifestLockResult.txt",
			);
			runOnlyForDeploymentPostprocessing = 0;
			shellPath = /bin/sh;
			shellScript = "diff \"${PODS_PODFILE_DIR_PATH}/Podfile.lock\" \"${PODS_ROOT}/Manifest.lock\" > /dev/null\nif [ $? != 0 ] ; then\n    # print error to STDERR\n    echo \"error: The sandbox is not in sync with the Podfile.lock. Run 'pod install' or update your CocoaPods installation.\" >&2\n    exit 1\nfi\n# This output is used by Xcode 'outputs' to avoid re-running this script phase.\necho \"SUCCESS\" > \"${SCRIPT_OUTPUT_FILE_0}\"\n";
			showEnvVarsInLog = 0;
		};
		DCFCA167D0DD4030C4B446F2 /* [CP] Embed Pods Frameworks */ = {
			isa = PBXShellScriptBuildPhase;
			buildActionMask = 2147483647;
			files = (
			);
			inputFileListPaths = (
				"${PODS_ROOT}/Target Support Files/Pods-Flix-FlixUITests/Pods-Flix-FlixUITests-frameworks-${CONFIGURATION}-input-files.xcfilelist",
			);
			name = "[CP] Embed Pods Frameworks";
			outputFileListPaths = (
				"${PODS_ROOT}/Target Support Files/Pods-Flix-FlixUITests/Pods-Flix-FlixUITests-frameworks-${CONFIGURATION}-output-files.xcfilelist",
			);
			runOnlyForDeploymentPostprocessing = 0;
			shellPath = /bin/sh;
			shellScript = "\"${PODS_ROOT}/Target Support Files/Pods-Flix-FlixUITests/Pods-Flix-FlixUITests-frameworks.sh\"\n";
			showEnvVarsInLog = 0;
		};
		E225370BEE55642C36663934 /* [CP] Check Pods Manifest.lock */ = {
			isa = PBXShellScriptBuildPhase;
			buildActionMask = 2147483647;
			files = (
			);
			inputFileListPaths = (
			);
			inputPaths = (
				"${PODS_PODFILE_DIR_PATH}/Podfile.lock",
				"${PODS_ROOT}/Manifest.lock",
			);
			name = "[CP] Check Pods Manifest.lock";
			outputFileListPaths = (
			);
			outputPaths = (
				"$(DERIVED_FILE_DIR)/Pods-FlixTests-checkManifestLockResult.txt",
			);
			runOnlyForDeploymentPostprocessing = 0;
			shellPath = /bin/sh;
			shellScript = "diff \"${PODS_PODFILE_DIR_PATH}/Podfile.lock\" \"${PODS_ROOT}/Manifest.lock\" > /dev/null\nif [ $? != 0 ] ; then\n    # print error to STDERR\n    echo \"error: The sandbox is not in sync with the Podfile.lock. Run 'pod install' or update your CocoaPods installation.\" >&2\n    exit 1\nfi\n# This output is used by Xcode 'outputs' to avoid re-running this script phase.\necho \"SUCCESS\" > \"${SCRIPT_OUTPUT_FILE_0}\"\n";
			showEnvVarsInLog = 0;
		};
/* End PBXShellScriptBuildPhase section */

/* Begin PBXSourcesBuildPhase section */
		E6236A502748656100D8CD02 /* Sources */ = {
			isa = PBXSourcesBuildPhase;
			buildActionMask = 2147483647;
			files = (
				E69EA944275AE665006158C4 /* MovieDetailsViewController.swift in Sources */,
				E6236A582748656100D8CD02 /* AppDelegate.swift in Sources */,
				E6236A5A2748656100D8CD02 /* SceneDelegate.swift in Sources */,
				E6236A8A2748D27500D8CD02 /* MovieCell.swift in Sources */,
				E6236A882748A49100D8CD02 /* MoviesViewController.swift in Sources */,
				E69EA946275B381A006158C4 /* MovieGridViewController.swift in Sources */,
				E69EA948275B4A23006158C4 /* MovieGridCell.swift in Sources */,
			);
			runOnlyForDeploymentPostprocessing = 0;
		};
		E6236A662748656200D8CD02 /* Sources */ = {
			isa = PBXSourcesBuildPhase;
			buildActionMask = 2147483647;
			files = (
				E6236A6F2748656200D8CD02 /* FlixTests.swift in Sources */,
			);
			runOnlyForDeploymentPostprocessing = 0;
		};
		E6236A702748656200D8CD02 /* Sources */ = {
			isa = PBXSourcesBuildPhase;
			buildActionMask = 2147483647;
			files = (
				E6236A792748656200D8CD02 /* FlixUITests.swift in Sources */,
				E6236A7B2748656200D8CD02 /* FlixUITestsLaunchTests.swift in Sources */,
			);
			runOnlyForDeploymentPostprocessing = 0;
		};
/* End PBXSourcesBuildPhase section */

/* Begin PBXTargetDependency section */
		E6236A6C2748656200D8CD02 /* PBXTargetDependency */ = {
			isa = PBXTargetDependency;
			target = E6236A532748656100D8CD02 /* Flix */;
			targetProxy = E6236A6B2748656200D8CD02 /* PBXContainerItemProxy */;
		};
		E6236A762748656200D8CD02 /* PBXTargetDependency */ = {
			isa = PBXTargetDependency;
			target = E6236A532748656100D8CD02 /* Flix */;
			targetProxy = E6236A752748656200D8CD02 /* PBXContainerItemProxy */;
		};
/* End PBXTargetDependency section */

/* Begin PBXVariantGroup section */
		E6236A5D2748656100D8CD02 /* Main.storyboard */ = {
			isa = PBXVariantGroup;
			children = (
				E6236A5E2748656100D8CD02 /* Base */,
			);
			name = Main.storyboard;
			sourceTree = "<group>";
		};
		E6236A622748656200D8CD02 /* LaunchScreen.storyboard */ = {
			isa = PBXVariantGroup;
			children = (
				E6236A632748656200D8CD02 /* Base */,
			);
			name = LaunchScreen.storyboard;
			sourceTree = "<group>";
		};
/* End PBXVariantGroup section */

/* Begin XCBuildConfiguration section */
		E6236A7C2748656200D8CD02 /* Debug */ = {
			isa = XCBuildConfiguration;
			buildSettings = {
				ALWAYS_SEARCH_USER_PATHS = NO;
				CLANG_ANALYZER_NONNULL = YES;
				CLANG_ANALYZER_NUMBER_OBJECT_CONVERSION = YES_AGGRESSIVE;
				CLANG_CXX_LANGUAGE_STANDARD = "gnu++17";
				CLANG_CXX_LIBRARY = "libc++";
				CLANG_ENABLE_MODULES = YES;
				CLANG_ENABLE_OBJC_ARC = YES;
				CLANG_ENABLE_OBJC_WEAK = YES;
				CLANG_WARN_BLOCK_CAPTURE_AUTORELEASING = YES;
				CLANG_WARN_BOOL_CONVERSION = YES;
				CLANG_WARN_COMMA = YES;
				CLANG_WARN_CONSTANT_CONVERSION = YES;
				CLANG_WARN_DEPRECATED_OBJC_IMPLEMENTATIONS = YES;
				CLANG_WARN_DIRECT_OBJC_ISA_USAGE = YES_ERROR;
				CLANG_WARN_DOCUMENTATION_COMMENTS = YES;
				CLANG_WARN_EMPTY_BODY = YES;
				CLANG_WARN_ENUM_CONVERSION = YES;
				CLANG_WARN_INFINITE_RECURSION = YES;
				CLANG_WARN_INT_CONVERSION = YES;
				CLANG_WARN_NON_LITERAL_NULL_CONVERSION = YES;
				CLANG_WARN_OBJC_IMPLICIT_RETAIN_SELF = YES;
				CLANG_WARN_OBJC_LITERAL_CONVERSION = YES;
				CLANG_WARN_OBJC_ROOT_CLASS = YES_ERROR;
				CLANG_WARN_QUOTED_INCLUDE_IN_FRAMEWORK_HEADER = YES;
				CLANG_WARN_RANGE_LOOP_ANALYSIS = YES;
				CLANG_WARN_STRICT_PROTOTYPES = YES;
				CLANG_WARN_SUSPICIOUS_MOVE = YES;
				CLANG_WARN_UNGUARDED_AVAILABILITY = YES_AGGRESSIVE;
				CLANG_WARN_UNREACHABLE_CODE = YES;
				CLANG_WARN__DUPLICATE_METHOD_MATCH = YES;
				COPY_PHASE_STRIP = NO;
				DEBUG_INFORMATION_FORMAT = dwarf;
				ENABLE_STRICT_OBJC_MSGSEND = YES;
				ENABLE_TESTABILITY = YES;
				GCC_C_LANGUAGE_STANDARD = gnu11;
				GCC_DYNAMIC_NO_PIC = NO;
				GCC_NO_COMMON_BLOCKS = YES;
				GCC_OPTIMIZATION_LEVEL = 0;
				GCC_PREPROCESSOR_DEFINITIONS = (
					"DEBUG=1",
					"$(inherited)",
				);
				GCC_WARN_64_TO_32_BIT_CONVERSION = YES;
				GCC_WARN_ABOUT_RETURN_TYPE = YES_ERROR;
				GCC_WARN_UNDECLARED_SELECTOR = YES;
				GCC_WARN_UNINITIALIZED_AUTOS = YES_AGGRESSIVE;
				GCC_WARN_UNUSED_FUNCTION = YES;
				GCC_WARN_UNUSED_VARIABLE = YES;
				IPHONEOS_DEPLOYMENT_TARGET = 15.0;
				MTL_ENABLE_DEBUG_INFO = INCLUDE_SOURCE;
				MTL_FAST_MATH = YES;
				ONLY_ACTIVE_ARCH = YES;
				SDKROOT = iphoneos;
				SWIFT_ACTIVE_COMPILATION_CONDITIONS = DEBUG;
				SWIFT_OPTIMIZATION_LEVEL = "-Onone";
			};
			name = Debug;
		};
		E6236A7D2748656200D8CD02 /* Release */ = {
			isa = XCBuildConfiguration;
			buildSettings = {
				ALWAYS_SEARCH_USER_PATHS = NO;
				CLANG_ANALYZER_NONNULL = YES;
				CLANG_ANALYZER_NUMBER_OBJECT_CONVERSION = YES_AGGRESSIVE;
				CLANG_CXX_LANGUAGE_STANDARD = "gnu++17";
				CLANG_CXX_LIBRARY = "libc++";
				CLANG_ENABLE_MODULES = YES;
				CLANG_ENABLE_OBJC_ARC = YES;
				CLANG_ENABLE_OBJC_WEAK = YES;
				CLANG_WARN_BLOCK_CAPTURE_AUTORELEASING = YES;
				CLANG_WARN_BOOL_CONVERSION = YES;
				CLANG_WARN_COMMA = YES;
				CLANG_WARN_CONSTANT_CONVERSION = YES;
				CLANG_WARN_DEPRECATED_OBJC_IMPLEMENTATIONS = YES;
				CLANG_WARN_DIRECT_OBJC_ISA_USAGE = YES_ERROR;
				CLANG_WARN_DOCUMENTATION_COMMENTS = YES;
				CLANG_WARN_EMPTY_BODY = YES;
				CLANG_WARN_ENUM_CONVERSION = YES;
				CLANG_WARN_INFINITE_RECURSION = YES;
				CLANG_WARN_INT_CONVERSION = YES;
				CLANG_WARN_NON_LITERAL_NULL_CONVERSION = YES;
				CLANG_WARN_OBJC_IMPLICIT_RETAIN_SELF = YES;
				CLANG_WARN_OBJC_LITERAL_CONVERSION = YES;
				CLANG_WARN_OBJC_ROOT_CLASS = YES_ERROR;
				CLANG_WARN_QUOTED_INCLUDE_IN_FRAMEWORK_HEADER = YES;
				CLANG_WARN_RANGE_LOOP_ANALYSIS = YES;
				CLANG_WARN_STRICT_PROTOTYPES = YES;
				CLANG_WARN_SUSPICIOUS_MOVE = YES;
				CLANG_WARN_UNGUARDED_AVAILABILITY = YES_AGGRESSIVE;
				CLANG_WARN_UNREACHABLE_CODE = YES;
				CLANG_WARN__DUPLICATE_METHOD_MATCH = YES;
				COPY_PHASE_STRIP = NO;
				DEBUG_INFORMATION_FORMAT = "dwarf-with-dsym";
				ENABLE_NS_ASSERTIONS = NO;
				ENABLE_STRICT_OBJC_MSGSEND = YES;
				GCC_C_LANGUAGE_STANDARD = gnu11;
				GCC_NO_COMMON_BLOCKS = YES;
				GCC_WARN_64_TO_32_BIT_CONVERSION = YES;
				GCC_WARN_ABOUT_RETURN_TYPE = YES_ERROR;
				GCC_WARN_UNDECLARED_SELECTOR = YES;
				GCC_WARN_UNINITIALIZED_AUTOS = YES_AGGRESSIVE;
				GCC_WARN_UNUSED_FUNCTION = YES;
				GCC_WARN_UNUSED_VARIABLE = YES;
				IPHONEOS_DEPLOYMENT_TARGET = 15.0;
				MTL_ENABLE_DEBUG_INFO = NO;
				MTL_FAST_MATH = YES;
				SDKROOT = iphoneos;
				SWIFT_COMPILATION_MODE = wholemodule;
				SWIFT_OPTIMIZATION_LEVEL = "-O";
				VALIDATE_PRODUCT = YES;
			};
			name = Release;
		};
		E6236A7F2748656200D8CD02 /* Debug */ = {
			isa = XCBuildConfiguration;
			baseConfigurationReference = A2C24E4255710FD259CCC3A1 /* Pods-Flix.debug.xcconfig */;
			buildSettings = {
				ASSETCATALOG_COMPILER_APPICON_NAME = AppIcon;
				ASSETCATALOG_COMPILER_GLOBAL_ACCENT_COLOR_NAME = AccentColor;
				CODE_SIGN_STYLE = Automatic;
				CURRENT_PROJECT_VERSION = 1;
				DEVELOPMENT_TEAM = ZQM7C76297;
				GENERATE_INFOPLIST_FILE = YES;
				INFOPLIST_FILE = Flix/Info.plist;
				INFOPLIST_KEY_UIApplicationSupportsIndirectInputEvents = YES;
				INFOPLIST_KEY_UILaunchStoryboardName = LaunchScreen;
				INFOPLIST_KEY_UIMainStoryboardFile = Main;
				INFOPLIST_KEY_UISupportedInterfaceOrientations_iPad = "UIInterfaceOrientationPortrait UIInterfaceOrientationPortraitUpsideDown UIInterfaceOrientationLandscapeLeft UIInterfaceOrientationLandscapeRight";
				INFOPLIST_KEY_UISupportedInterfaceOrientations_iPhone = "UIInterfaceOrientationPortrait UIInterfaceOrientationLandscapeLeft UIInterfaceOrientationLandscapeRight";
				LD_RUNPATH_SEARCH_PATHS = (
					"$(inherited)",
					"@executable_path/Frameworks",
				);
				MARKETING_VERSION = 1.0;
				PRODUCT_BUNDLE_IDENTIFIER = com.IbrahimNabid.Flix;
				PRODUCT_NAME = "$(TARGET_NAME)";
				SWIFT_EMIT_LOC_STRINGS = YES;
				SWIFT_VERSION = 5.0;
				TARGETED_DEVICE_FAMILY = "1,2";
			};
			name = Debug;
		};
		E6236A802748656200D8CD02 /* Release */ = {
			isa = XCBuildConfiguration;
			baseConfigurationReference = 2710210C4F6C1D454C043E2B /* Pods-Flix.release.xcconfig */;
			buildSettings = {
				ASSETCATALOG_COMPILER_APPICON_NAME = AppIcon;
				ASSETCATALOG_COMPILER_GLOBAL_ACCENT_COLOR_NAME = AccentColor;
				CODE_SIGN_STYLE = Automatic;
				CURRENT_PROJECT_VERSION = 1;
				DEVELOPMENT_TEAM = ZQM7C76297;
				GENERATE_INFOPLIST_FILE = YES;
				INFOPLIST_FILE = Flix/Info.plist;
				INFOPLIST_KEY_UIApplicationSupportsIndirectInputEvents = YES;
				INFOPLIST_KEY_UILaunchStoryboardName = LaunchScreen;
				INFOPLIST_KEY_UIMainStoryboardFile = Main;
				INFOPLIST_KEY_UISupportedInterfaceOrientations_iPad = "UIInterfaceOrientationPortrait UIInterfaceOrientationPortraitUpsideDown UIInterfaceOrientationLandscapeLeft UIInterfaceOrientationLandscapeRight";
				INFOPLIST_KEY_UISupportedInterfaceOrientations_iPhone = "UIInterfaceOrientationPortrait UIInterfaceOrientationLandscapeLeft UIInterfaceOrientationLandscapeRight";
				LD_RUNPATH_SEARCH_PATHS = (
					"$(inherited)",
					"@executable_path/Frameworks",
				);
				MARKETING_VERSION = 1.0;
				PRODUCT_BUNDLE_IDENTIFIER = com.IbrahimNabid.Flix;
				PRODUCT_NAME = "$(TARGET_NAME)";
				SWIFT_EMIT_LOC_STRINGS = YES;
				SWIFT_VERSION = 5.0;
				TARGETED_DEVICE_FAMILY = "1,2";
			};
			name = Release;
		};
		E6236A822748656200D8CD02 /* Debug */ = {
			isa = XCBuildConfiguration;
			baseConfigurationReference = 1AF7353E3B2BC044CAEC03BF /* Pods-FlixTests.debug.xcconfig */;
			buildSettings = {
				ALWAYS_EMBED_SWIFT_STANDARD_LIBRARIES = YES;
				BUNDLE_LOADER = "$(TEST_HOST)";
				CODE_SIGN_STYLE = Automatic;
				CURRENT_PROJECT_VERSION = 1;
				DEVELOPMENT_TEAM = ZQM7C76297;
				GENERATE_INFOPLIST_FILE = YES;
				IPHONEOS_DEPLOYMENT_TARGET = 15.0;
				LD_RUNPATH_SEARCH_PATHS = (
					"$(inherited)",
					"@executable_path/Frameworks",
					"@loader_path/Frameworks",
				);
				MARKETING_VERSION = 1.0;
				PRODUCT_BUNDLE_IDENTIFIER = com.IbrahimNabid.FlixTests;
				PRODUCT_NAME = "$(TARGET_NAME)";
				SWIFT_EMIT_LOC_STRINGS = NO;
				SWIFT_VERSION = 5.0;
				TARGETED_DEVICE_FAMILY = "1,2";
				TEST_HOST = "$(BUILT_PRODUCTS_DIR)/Flix.app/Flix";
			};
			name = Debug;
		};
		E6236A832748656200D8CD02 /* Release */ = {
			isa = XCBuildConfiguration;
			baseConfigurationReference = BA9C1A13FD10504B6FB35C44 /* Pods-FlixTests.release.xcconfig */;
			buildSettings = {
				ALWAYS_EMBED_SWIFT_STANDARD_LIBRARIES = YES;
				BUNDLE_LOADER = "$(TEST_HOST)";
				CODE_SIGN_STYLE = Automatic;
				CURRENT_PROJECT_VERSION = 1;
				DEVELOPMENT_TEAM = ZQM7C76297;
				GENERATE_INFOPLIST_FILE = YES;
				IPHONEOS_DEPLOYMENT_TARGET = 15.0;
				LD_RUNPATH_SEARCH_PATHS = (
					"$(inherited)",
					"@executable_path/Frameworks",
					"@loader_path/Frameworks",
				);
				MARKETING_VERSION = 1.0;
				PRODUCT_BUNDLE_IDENTIFIER = com.IbrahimNabid.FlixTests;
				PRODUCT_NAME = "$(TARGET_NAME)";
				SWIFT_EMIT_LOC_STRINGS = NO;
				SWIFT_VERSION = 5.0;
				TARGETED_DEVICE_FAMILY = "1,2";
				TEST_HOST = "$(BUILT_PRODUCTS_DIR)/Flix.app/Flix";
			};
			name = Release;
		};
		E6236A852748656200D8CD02 /* Debug */ = {
			isa = XCBuildConfiguration;
			baseConfigurationReference = 2B4E756B2B6D66333F8580F1 /* Pods-Flix-FlixUITests.debug.xcconfig */;
			buildSettings = {
				ALWAYS_EMBED_SWIFT_STANDARD_LIBRARIES = YES;
				CODE_SIGN_STYLE = Automatic;
				CURRENT_PROJECT_VERSION = 1;
				DEVELOPMENT_TEAM = ZQM7C76297;
				GENERATE_INFOPLIST_FILE = YES;
				LD_RUNPATH_SEARCH_PATHS = (
					"$(inherited)",
					"@executable_path/Frameworks",
					"@loader_path/Frameworks",
				);
				MARKETING_VERSION = 1.0;
				PRODUCT_BUNDLE_IDENTIFIER = com.IbrahimNabid.FlixUITests;
				PRODUCT_NAME = "$(TARGET_NAME)";
				SWIFT_EMIT_LOC_STRINGS = NO;
				SWIFT_VERSION = 5.0;
				TARGETED_DEVICE_FAMILY = "1,2";
				TEST_TARGET_NAME = Flix;
			};
			name = Debug;
		};
		E6236A862748656200D8CD02 /* Release */ = {
			isa = XCBuildConfiguration;
			baseConfigurationReference = 569EB62F8C8775BD71EB3BA6 /* Pods-Flix-FlixUITests.release.xcconfig */;
			buildSettings = {
				ALWAYS_EMBED_SWIFT_STANDARD_LIBRARIES = YES;
				CODE_SIGN_STYLE = Automatic;
				CURRENT_PROJECT_VERSION = 1;
				DEVELOPMENT_TEAM = ZQM7C76297;
				GENERATE_INFOPLIST_FILE = YES;
				LD_RUNPATH_SEARCH_PATHS = (
					"$(inherited)",
					"@executable_path/Frameworks",
					"@loader_path/Frameworks",
				);
				MARKETING_VERSION = 1.0;
				PRODUCT_BUNDLE_IDENTIFIER = com.IbrahimNabid.FlixUITests;
				PRODUCT_NAME = "$(TARGET_NAME)";
				SWIFT_EMIT_LOC_STRINGS = NO;
				SWIFT_VERSION = 5.0;
				TARGETED_DEVICE_FAMILY = "1,2";
				TEST_TARGET_NAME = Flix;
			};
			name = Release;
		};
/* End XCBuildConfiguration section */

/* Begin XCConfigurationList section */
		E6236A4F2748656100D8CD02 /* Build configuration list for PBXProject "Flix" */ = {
			isa = XCConfigurationList;
			buildConfigurations = (
				E6236A7C2748656200D8CD02 /* Debug */,
				E6236A7D2748656200D8CD02 /* Release */,
			);
			defaultConfigurationIsVisible = 0;
			defaultConfigurationName = Release;
		};
		E6236A7E2748656200D8CD02 /* Build configuration list for PBXNativeTarget "Flix" */ = {
			isa = XCConfigurationList;
			buildConfigurations = (
				E6236A7F2748656200D8CD02 /* Debug */,
				E6236A802748656200D8CD02 /* Release */,
			);
			defaultConfigurationIsVisible = 0;
			defaultConfigurationName = Release;
		};
		E6236A812748656200D8CD02 /* Build configuration list for PBXNativeTarget "FlixTests" */ = {
			isa = XCConfigurationList;
			buildConfigurations = (
				E6236A822748656200D8CD02 /* Debug */,
				E6236A832748656200D8CD02 /* Release */,
			);
			defaultConfigurationIsVisible = 0;
			defaultConfigurationName = Release;
		};
		E6236A842748656200D8CD02 /* Build configuration list for PBXNativeTarget "FlixUITests" */ = {
			isa = XCConfigurationList;
			buildConfigurations = (
				E6236A852748656200D8CD02 /* Debug */,
				E6236A862748656200D8CD02 /* Release */,
			);
			defaultConfigurationIsVisible = 0;
			defaultConfigurationName = Release;
		};
/* End XCConfigurationList section */

/* Begin XCRemoteSwiftPackageReference section */
		E6236A8B274979A400D8CD02 /* XCRemoteSwiftPackageReference "AlamofireImage" */ = {
			isa = XCRemoteSwiftPackageReference;
			repositoryURL = "https://github.com/Alamofire/AlamofireImage";
			requirement = {
				branch = master;
				kind = branch;
			};
		};
/* End XCRemoteSwiftPackageReference section */

/* Begin XCSwiftPackageProductDependency section */
		E6236A8C274979A400D8CD02 /* AlamofireImage */ = {
			isa = XCSwiftPackageProductDependency;
			package = E6236A8B274979A400D8CD02 /* XCRemoteSwiftPackageReference "AlamofireImage" */;
			productName = AlamofireImage;
		};
/* End XCSwiftPackageProductDependency section */
	};
	rootObject = E6236A4C2748656100D8CD02 /* Project object */;
}
